// !$*UTF8*$!
{
	archiveVersion = 1;
	classes = {
	};
	objectVersion = 56;
	objects = {

/* Begin PBXBuildFile section */
		DDB80C15298D8D4300ED5596 /* News.swift in Sources */ = {isa = PBXBuildFile; fileRef = DDB80C14298D8D4300ED5596 /* News.swift */; };
		DDB80C1A298D8E2100ED5596 /* ApiManager.swift in Sources */ = {isa = PBXBuildFile; fileRef = DDB80C19298D8E2100ED5596 /* ApiManager.swift */; };
		DDB80C22298DAB1000ED5596 /* NewsTableViewCell.swift in Sources */ = {isa = PBXBuildFile; fileRef = DDB80C21298DAB1000ED5596 /* NewsTableViewCell.swift */; };
		DDC29F72298D820900505342 /* AllNewsViewController.swift in Sources */ = {isa = PBXBuildFile; fileRef = DDC29F71298D820900505342 /* AllNewsViewController.swift */; };
		DDC29F74298D825100505342 /* NewsInformationViewController.swift in Sources */ = {isa = PBXBuildFile; fileRef = DDC29F73298D825100505342 /* NewsInformationViewController.swift */; };
		DDE72FAB298D7A5000C3255B /* AppDelegate.swift in Sources */ = {isa = PBXBuildFile; fileRef = DDE72FAA298D7A5000C3255B /* AppDelegate.swift */; };
		DDE72FAD298D7A5000C3255B /* SceneDelegate.swift in Sources */ = {isa = PBXBuildFile; fileRef = DDE72FAC298D7A5000C3255B /* SceneDelegate.swift */; };
		DDE72FB5298D7A5000C3255B /* NewsApp.xcdatamodeld in Sources */ = {isa = PBXBuildFile; fileRef = DDE72FB3298D7A5000C3255B /* NewsApp.xcdatamodeld */; };
		DDE72FB7298D7A5100C3255B /* Assets.xcassets in Resources */ = {isa = PBXBuildFile; fileRef = DDE72FB6298D7A5100C3255B /* Assets.xcassets */; };
		DDE72FBA298D7A5100C3255B /* LaunchScreen.storyboard in Resources */ = {isa = PBXBuildFile; fileRef = DDE72FB8298D7A5100C3255B /* LaunchScreen.storyboard */; };
/* End PBXBuildFile section */

/* Begin PBXFileReference section */
		DDB80C14298D8D4300ED5596 /* News.swift */ = {isa = PBXFileReference; lastKnownFileType = sourcecode.swift; path = News.swift; sourceTree = "<group>"; };
		DDB80C19298D8E2100ED5596 /* ApiManager.swift */ = {isa = PBXFileReference; lastKnownFileType = sourcecode.swift; path = ApiManager.swift; sourceTree = "<group>"; };
		DDB80C21298DAB1000ED5596 /* NewsTableViewCell.swift */ = {isa = PBXFileReference; lastKnownFileType = sourcecode.swift; path = NewsTableViewCell.swift; sourceTree = "<group>"; };
		DDC29F71298D820900505342 /* AllNewsViewController.swift */ = {isa = PBXFileReference; lastKnownFileType = sourcecode.swift; path = AllNewsViewController.swift; sourceTree = "<group>"; };
		DDC29F73298D825100505342 /* NewsInformationViewController.swift */ = {isa = PBXFileReference; lastKnownFileType = sourcecode.swift; path = NewsInformationViewController.swift; sourceTree = "<group>"; };
		DDE72FA7298D7A5000C3255B /* NewsApp.app */ = {isa = PBXFileReference; explicitFileType = wrapper.application; includeInIndex = 0; path = NewsApp.app; sourceTree = BUILT_PRODUCTS_DIR; };
		DDE72FAA298D7A5000C3255B /* AppDelegate.swift */ = {isa = PBXFileReference; lastKnownFileType = sourcecode.swift; path = AppDelegate.swift; sourceTree = "<group>"; };
		DDE72FAC298D7A5000C3255B /* SceneDelegate.swift */ = {isa = PBXFileReference; lastKnownFileType = sourcecode.swift; path = SceneDelegate.swift; sourceTree = "<group>"; };
		DDE72FB4298D7A5000C3255B /* NewsApp.xcdatamodel */ = {isa = PBXFileReference; lastKnownFileType = wrapper.xcdatamodel; path = NewsApp.xcdatamodel; sourceTree = "<group>"; };
		DDE72FB6298D7A5100C3255B /* Assets.xcassets */ = {isa = PBXFileReference; lastKnownFileType = folder.assetcatalog; path = Assets.xcassets; sourceTree = "<group>"; };
		DDE72FB9298D7A5100C3255B /* Base */ = {isa = PBXFileReference; lastKnownFileType = file.storyboard; name = Base; path = Base.lproj/LaunchScreen.storyboard; sourceTree = "<group>"; };
		DDE72FBB298D7A5100C3255B /* Info.plist */ = {isa = PBXFileReference; lastKnownFileType = text.plist.xml; path = Info.plist; sourceTree = "<group>"; };
/* End PBXFileReference section */

/* Begin PBXFrameworksBuildPhase section */
		DDE72FA4298D7A5000C3255B /* Frameworks */ = {
			isa = PBXFrameworksBuildPhase;
			buildActionMask = 2147483647;
			files = (
			);
			runOnlyForDeploymentPostprocessing = 0;
		};
/* End PBXFrameworksBuildPhase section */

/* Begin PBXGroup section */
		DDC29F6C298D817700505342 /* Controller */ = {
			isa = PBXGroup;
			children = (
				DDC29F75298D828600505342 /* Cell */,
				DDC29F71298D820900505342 /* AllNewsViewController.swift */,
				DDC29F73298D825100505342 /* NewsInformationViewController.swift */,
			);
			path = Controller;
			sourceTree = "<group>";
		};
		DDC29F6D298D818300505342 /* View */ = {
			isa = PBXGroup;
			children = (
				DDE72FB8298D7A5100C3255B /* LaunchScreen.storyboard */,
			);
			path = View;
			sourceTree = "<group>";
		};
		DDC29F6E298D819000505342 /* Model */ = {
			isa = PBXGroup;
			children = (
				DDB80C14298D8D4300ED5596 /* News.swift */,
			);
			path = Model;
			sourceTree = "<group>";
		};
		DDC29F6F298D81D100505342 /* Manager */ = {
			isa = PBXGroup;
			children = (
				DDB80C19298D8E2100ED5596 /* ApiManager.swift */,
			);
			path = Manager;
			sourceTree = "<group>";
		};
		DDC29F70298D81E000505342 /* Extension */ = {
			isa = PBXGroup;
			children = (
			);
			path = Extension;
			sourceTree = "<group>";
		};
		DDC29F75298D828600505342 /* Cell */ = {
			isa = PBXGroup;
			children = (
				DDB80C21298DAB1000ED5596 /* NewsTableViewCell.swift */,
			);
			path = Cell;
			sourceTree = "<group>";
		};
		DDE72F9E298D7A5000C3255B = {
			isa = PBXGroup;
			children = (
				DDE72FA9298D7A5000C3255B /* NewsApp */,
				DDE72FA8298D7A5000C3255B /* Products */,
			);
			sourceTree = "<group>";
		};
		DDE72FA8298D7A5000C3255B /* Products */ = {
			isa = PBXGroup;
			children = (
				DDE72FA7298D7A5000C3255B /* NewsApp.app */,
			);
			name = Products;
			sourceTree = "<group>";
		};
		DDE72FA9298D7A5000C3255B /* NewsApp */ = {
			isa = PBXGroup;
			children = (
				DDC29F70298D81E000505342 /* Extension */,
				DDC29F6F298D81D100505342 /* Manager */,
				DDC29F6E298D819000505342 /* Model */,
				DDC29F6D298D818300505342 /* View */,
				DDC29F6C298D817700505342 /* Controller */,
				DDE72FAA298D7A5000C3255B /* AppDelegate.swift */,
				DDE72FAC298D7A5000C3255B /* SceneDelegate.swift */,
				DDE72FB6298D7A5100C3255B /* Assets.xcassets */,
				DDE72FBB298D7A5100C3255B /* Info.plist */,
				DDE72FB3298D7A5000C3255B /* NewsApp.xcdatamodeld */,
			);
			path = NewsApp;
			sourceTree = "<group>";
		};
/* End PBXGroup section */

/* Begin PBXNativeTarget section */
		DDE72FA6298D7A5000C3255B /* NewsApp */ = {
			isa = PBXNativeTarget;
			buildConfigurationList = DDE72FBE298D7A5100C3255B /* Build configuration list for PBXNativeTarget "NewsApp" */;
			buildPhases = (
				DDE72FA3298D7A5000C3255B /* Sources */,
				DDE72FA4298D7A5000C3255B /* Frameworks */,
				DDE72FA5298D7A5000C3255B /* Resources */,
			);
			buildRules = (
			);
			dependencies = (
			);
			name = NewsApp;
			packageProductDependencies = (
			);
			productName = NewsApp;
			productReference = DDE72FA7298D7A5000C3255B /* NewsApp.app */;
			productType = "com.apple.product-type.application";
		};
/* End PBXNativeTarget section */

/* Begin PBXProject section */
		DDE72F9F298D7A5000C3255B /* Project object */ = {
			isa = PBXProject;
			attributes = {
				BuildIndependentTargetsInParallel = 1;
				LastSwiftUpdateCheck = 1420;
				LastUpgradeCheck = 1420;
				TargetAttributes = {
					DDE72FA6298D7A5000C3255B = {
						CreatedOnToolsVersion = 14.2;
					};
				};
			};
			buildConfigurationList = DDE72FA2298D7A5000C3255B /* Build configuration list for PBXProject "NewsApp" */;
			compatibilityVersion = "Xcode 14.0";
			developmentRegion = en;
			hasScannedForEncodings = 0;
			knownRegions = (
				en,
				Base,
			);
			mainGroup = DDE72F9E298D7A5000C3255B;
			packageReferences = (
			);
			productRefGroup = DDE72FA8298D7A5000C3255B /* Products */;
			projectDirPath = "";
			projectRoot = "";
			targets = (
				DDE72FA6298D7A5000C3255B /* NewsApp */,
			);
		};
/* End PBXProject section */

/* Begin PBXResourcesBuildPhase section */
		DDE72FA5298D7A5000C3255B /* Resources */ = {
			isa = PBXResourcesBuildPhase;
			buildActionMask = 2147483647;
			files = (
				DDE72FBA298D7A5100C3255B /* LaunchScreen.storyboard in Resources */,
				DDE72FB7298D7A5100C3255B /* Assets.xcassets in Resources */,
			);
			runOnlyForDeploymentPostprocessing = 0;
		};
/* End PBXResourcesBuildPhase section */

/* Begin PBXSourcesBuildPhase section */
		DDE72FA3298D7A5000C3255B /* Sources */ = {
			isa = PBXSourcesBuildPhase;
			buildActionMask = 2147483647;
			files = (
				DDB80C15298D8D4300ED5596 /* News.swift in Sources */,
				DDE72FAB298D7A5000C3255B /* AppDelegate.swift in Sources */,
				DDC29F72298D820900505342 /* AllNewsViewController.swift in Sources */,
				DDB80C22298DAB1000ED5596 /* NewsTableViewCell.swift in Sources */,
				DDB80C1A298D8E2100ED5596 /* ApiManager.swift in Sources */,
				DDE72FB5298D7A5000C3255B /* NewsApp.xcdatamodeld in Sources */,
				DDC29F74298D825100505342 /* NewsInformationViewController.swift in Sources */,
				DDE72FAD298D7A5000C3255B /* SceneDelegate.swift in Sources */,
			);
			runOnlyForDeploymentPostprocessing = 0;
		};
/* End PBXSourcesBuildPhase section */

/* Begin PBXVariantGroup section */
		DDE72FB8298D7A5100C3255B /* LaunchScreen.storyboard */ = {
			isa = PBXVariantGroup;
			children = (
				DDE72FB9298D7A5100C3255B /* Base */,
			);
			name = LaunchScreen.storyboard;
			sourceTree = "<group>";
		};
/* End PBXVariantGroup section */

/* Begin XCBuildConfiguration section */
		DDE72FBC298D7A5100C3255B /* Debug */ = {
			isa = XCBuildConfiguration;
			buildSettings = {
				ALWAYS_SEARCH_USER_PATHS = NO;
				CLANG_ANALYZER_NONNULL = YES;
				CLANG_ANALYZER_NUMBER_OBJECT_CONVERSION = YES_AGGRESSIVE;
				CLANG_CXX_LANGUAGE_STANDARD = "gnu++20";
				CLANG_ENABLE_MODULES = YES;
				CLANG_ENABLE_OBJC_ARC = YES;
				CLANG_ENABLE_OBJC_WEAK = YES;
				CLANG_WARN_BLOCK_CAPTURE_AUTORELEASING = YES;
				CLANG_WARN_BOOL_CONVERSION = YES;
				CLANG_WARN_COMMA = YES;
				CLANG_WARN_CONSTANT_CONVERSION = YES;
				CLANG_WARN_DEPRECATED_OBJC_IMPLEMENTATIONS = YES;
				CLANG_WARN_DIRECT_OBJC_ISA_USAGE = YES_ERROR;
				CLANG_WARN_DOCUMENTATION_COMMENTS = YES;
				CLANG_WARN_EMPTY_BODY = YES;
				CLANG_WARN_ENUM_CONVERSION = YES;
				CLANG_WARN_INFINITE_RECURSION = YES;
				CLANG_WARN_INT_CONVERSION = YES;
				CLANG_WARN_NON_LITERAL_NULL_CONVERSION = YES;
				CLANG_WARN_OBJC_IMPLICIT_RETAIN_SELF = YES;
				CLANG_WARN_OBJC_LITERAL_CONVERSION = YES;
				CLANG_WARN_OBJC_ROOT_CLASS = YES_ERROR;
				CLANG_WARN_QUOTED_INCLUDE_IN_FRAMEWORK_HEADER = YES;
				CLANG_WARN_RANGE_LOOP_ANALYSIS = YES;
				CLANG_WARN_STRICT_PROTOTYPES = YES;
				CLANG_WARN_SUSPICIOUS_MOVE = YES;
				CLANG_WARN_UNGUARDED_AVAILABILITY = YES_AGGRESSIVE;
				CLANG_WARN_UNREACHABLE_CODE = YES;
				CLANG_WARN__DUPLICATE_METHOD_MATCH = YES;
				COPY_PHASE_STRIP = NO;
				DEBUG_INFORMATION_FORMAT = dwarf;
				ENABLE_STRICT_OBJC_MSGSEND = YES;
				ENABLE_TESTABILITY = YES;
				GCC_C_LANGUAGE_STANDARD = gnu11;
				GCC_DYNAMIC_NO_PIC = NO;
				GCC_NO_COMMON_BLOCKS = YES;
				GCC_OPTIMIZATION_LEVEL = 0;
				GCC_PREPROCESSOR_DEFINITIONS = (
					"DEBUG=1",
					"$(inherited)",
				);
				GCC_WARN_64_TO_32_BIT_CONVERSION = YES;
				GCC_WARN_ABOUT_RETURN_TYPE = YES_ERROR;
				GCC_WARN_UNDECLARED_SELECTOR = YES;
				GCC_WARN_UNINITIALIZED_AUTOS = YES_AGGRESSIVE;
				GCC_WARN_UNUSED_FUNCTION = YES;
				GCC_WARN_UNUSED_VARIABLE = YES;
				IPHONEOS_DEPLOYMENT_TARGET = 16.2;
				MTL_ENABLE_DEBUG_INFO = INCLUDE_SOURCE;
				MTL_FAST_MATH = YES;
				ONLY_ACTIVE_ARCH = YES;
				SDKROOT = iphoneos;
				SWIFT_ACTIVE_COMPILATION_CONDITIONS = DEBUG;
				SWIFT_OPTIMIZATION_LEVEL = "-Onone";
			};
			name = Debug;
		};
		DDE72FBD298D7A5100C3255B /* Release */ = {
			isa = XCBuildConfiguration;
			buildSettings = {
				ALWAYS_SEARCH_USER_PATHS = NO;
				CLANG_ANALYZER_NONNULL = YES;
				CLANG_ANALYZER_NUMBER_OBJECT_CONVERSION = YES_AGGRESSIVE;
				CLANG_CXX_LANGUAGE_STANDARD = "gnu++20";
				CLANG_ENABLE_MODULES = YES;
				CLANG_ENABLE_OBJC_ARC = YES;
				CLANG_ENABLE_OBJC_WEAK = YES;
				CLANG_WARN_BLOCK_CAPTURE_AUTORELEASING = YES;
				CLANG_WARN_BOOL_CONVERSION = YES;
				CLANG_WARN_COMMA = YES;
				CLANG_WARN_CONSTANT_CONVERSION = YES;
				CLANG_WARN_DEPRECATED_OBJC_IMPLEMENTATIONS = YES;
				CLANG_WARN_DIRECT_OBJC_ISA_USAGE = YES_ERROR;
				CLANG_WARN_DOCUMENTATION_COMMENTS = YES;
				CLANG_WARN_EMPTY_BODY = YES;
				CLANG_WARN_ENUM_CONVERSION = YES;
				CLANG_WARN_INFINITE_RECURSION = YES;
				CLANG_WARN_INT_CONVERSION = YES;
				CLANG_WARN_NON_LITERAL_NULL_CONVERSION = YES;
				CLANG_WARN_OBJC_IMPLICIT_RETAIN_SELF = YES;
				CLANG_WARN_OBJC_LITERAL_CONVERSION = YES;
				CLANG_WARN_OBJC_ROOT_CLASS = YES_ERROR;
				CLANG_WARN_QUOTED_INCLUDE_IN_FRAMEWORK_HEADER = YES;
				CLANG_WARN_RANGE_LOOP_ANALYSIS = YES;
				CLANG_WARN_STRICT_PROTOTYPES = YES;
				CLANG_WARN_SUSPICIOUS_MOVE = YES;
				CLANG_WARN_UNGUARDED_AVAILABILITY = YES_AGGRESSIVE;
				CLANG_WARN_UNREACHABLE_CODE = YES;
				CLANG_WARN__DUPLICATE_METHOD_MATCH = YES;
				COPY_PHASE_STRIP = NO;
				DEBUG_INFORMATION_FORMAT = "dwarf-with-dsym";
				ENABLE_NS_ASSERTIONS = NO;
				ENABLE_STRICT_OBJC_MSGSEND = YES;
				GCC_C_LANGUAGE_STANDARD = gnu11;
				GCC_NO_COMMON_BLOCKS = YES;
				GCC_WARN_64_TO_32_BIT_CONVERSION = YES;
				GCC_WARN_ABOUT_RETURN_TYPE = YES_ERROR;
				GCC_WARN_UNDECLARED_SELECTOR = YES;
				GCC_WARN_UNINITIALIZED_AUTOS = YES_AGGRESSIVE;
				GCC_WARN_UNUSED_FUNCTION = YES;
				GCC_WARN_UNUSED_VARIABLE = YES;
				IPHONEOS_DEPLOYMENT_TARGET = 16.2;
				MTL_ENABLE_DEBUG_INFO = NO;
				MTL_FAST_MATH = YES;
				SDKROOT = iphoneos;
				SWIFT_COMPILATION_MODE = wholemodule;
				SWIFT_OPTIMIZATION_LEVEL = "-O";
				VALIDATE_PRODUCT = YES;
			};
			name = Release;
		};
		DDE72FBF298D7A5100C3255B /* Debug */ = {
			isa = XCBuildConfiguration;
			buildSettings = {
				ASSETCATALOG_COMPILER_APPICON_NAME = AppIcon;
				ASSETCATALOG_COMPILER_GLOBAL_ACCENT_COLOR_NAME = AccentColor;
				CODE_SIGN_STYLE = Automatic;
				CURRENT_PROJECT_VERSION = 1;
				DEVELOPMENT_TEAM = B9S2MDX3F7;
				GENERATE_INFOPLIST_FILE = YES;
				INFOPLIST_FILE = NewsApp/Info.plist;
				INFOPLIST_KEY_UIApplicationSupportsIndirectInputEvents = YES;
				INFOPLIST_KEY_UILaunchStoryboardName = LaunchScreen;
				INFOPLIST_KEY_UISupportedInterfaceOrientations_iPad = "UIInterfaceOrientationPortrait UIInterfaceOrientationPortraitUpsideDown UIInterfaceOrientationLandscapeLeft UIInterfaceOrientationLandscapeRight";
				INFOPLIST_KEY_UISupportedInterfaceOrientations_iPhone = "UIInterfaceOrientationPortrait UIInterfaceOrientationLandscapeLeft UIInterfaceOrientationLandscapeRight";
				LD_RUNPATH_SEARCH_PATHS = (
					"$(inherited)",
					"@executable_path/Frameworks",
				);
				MARKETING_VERSION = 1.0;
				PRODUCT_BUNDLE_IDENTIFIER = "-1101.NewsApp";
				PRODUCT_NAME = "$(TARGET_NAME)";
				SWIFT_EMIT_LOC_STRINGS = YES;
				SWIFT_VERSION = 5.0;
				TARGETED_DEVICE_FAMILY = "1,2";
			};
			name = Debug;
		};
		DDE72FC0298D7A5100C3255B /* Release */ = {
			isa = XCBuildConfiguration;
			buildSettings = {
				ASSETCATALOG_COMPILER_APPICON_NAME = AppIcon;
				ASSETCATALOG_COMPILER_GLOBAL_ACCENT_COLOR_NAME = AccentColor;
				CODE_SIGN_STYLE = Automatic;
				CURRENT_PROJECT_VERSION = 1;
				DEVELOPMENT_TEAM = B9S2MDX3F7;
				GENERATE_INFOPLIST_FILE = YES;
				INFOPLIST_FILE = NewsApp/Info.plist;
				INFOPLIST_KEY_UIApplicationSupportsIndirectInputEvents = YES;
				INFOPLIST_KEY_UILaunchStoryboardName = LaunchScreen;
				INFOPLIST_KEY_UISupportedInterfaceOrientations_iPad = "UIInterfaceOrientationPortrait UIInterfaceOrientationPortraitUpsideDown UIInterfaceOrientationLandscapeLeft UIInterfaceOrientationLandscapeRight";
				INFOPLIST_KEY_UISupportedInterfaceOrientations_iPhone = "UIInterfaceOrientationPortrait UIInterfaceOrientationLandscapeLeft UIInterfaceOrientationLandscapeRight";
				LD_RUNPATH_SEARCH_PATHS = (
					"$(inherited)",
					"@executable_path/Frameworks",
				);
				MARKETING_VERSION = 1.0;
				PRODUCT_BUNDLE_IDENTIFIER = "-1101.NewsApp";
				PRODUCT_NAME = "$(TARGET_NAME)";
				SWIFT_EMIT_LOC_STRINGS = YES;
				SWIFT_VERSION = 5.0;
				TARGETED_DEVICE_FAMILY = "1,2";
			};
			name = Release;
		};
/* End XCBuildConfiguration section */

/* Begin XCConfigurationList section */
		DDE72FA2298D7A5000C3255B /* Build configuration list for PBXProject "NewsApp" */ = {
			isa = XCConfigurationList;
			buildConfigurations = (
				DDE72FBC298D7A5100C3255B /* Debug */,
				DDE72FBD298D7A5100C3255B /* Release */,
			);
			defaultConfigurationIsVisible = 0;
			defaultConfigurationName = Release;
		};
		DDE72FBE298D7A5100C3255B /* Build configuration list for PBXNativeTarget "NewsApp" */ = {
			isa = XCConfigurationList;
			buildConfigurations = (
				DDE72FBF298D7A5100C3255B /* Debug */,
				DDE72FC0298D7A5100C3255B /* Release */,
			);
			defaultConfigurationIsVisible = 0;
			defaultConfigurationName = Release;
		};
/* End XCConfigurationList section */

/* Begin XCVersionGroup section */
		DDE72FB3298D7A5000C3255B /* NewsApp.xcdatamodeld */ = {
			isa = XCVersionGroup;
			children = (
				DDE72FB4298D7A5000C3255B /* NewsApp.xcdatamodel */,
			);
			currentVersion = DDE72FB4298D7A5000C3255B /* NewsApp.xcdatamodel */;
			path = NewsApp.xcdatamodeld;
			sourceTree = "<group>";
			versionGroupType = wrapper.xcdatamodel;
		};
/* End XCVersionGroup section */
	};
	rootObject = DDE72F9F298D7A5000C3255B /* Project object */;
}
